{
  "name": "paradox-db",
  "version": "1.0.0",
  "lockfileVersion": 1,
  "requires": true,
  "dependencies": {
    "jomini": {
      "version": "0.5.3",
      "resolved": "https://registry.npmjs.org/jomini/-/jomini-0.5.3.tgz",
      "integrity": "sha512-dP8WxoyWkJqU5FLsz4rrUJlpp8SPT4NEZTUn7080YLHVsjA/6+ed6E9K5eYVtozYJBx6lTJlDO6yi5DRy64qQQ=="
    },
    "minimist": {
      "version": "1.2.5",
      "resolved": "https://registry.npmjs.org/minimist/-/minimist-1.2.5.tgz",
      "integrity": "sha512-FM9nNUYrRBAELZQT3xeZQ7fmMOBg6nWNmJKTcgsJeaLstP/UODVpGsr5OhXhhXg6f+qtJ8uiZ+PUxkDWcgIXLw=="
    },
    "paradox.js": {
      "version": "0.2.0",
      "resolved": "https://registry.npmjs.org/paradox.js/-/paradox.js-0.2.0.tgz",
      "integrity": "sha512-mIuch/z745VCgZs92NsVhC9STMQkT2makIgvEyiS4eZHCdR82WZAh5b40UMowgLVt7dXQFft/0EX2qCLFPCE5A==",
      "requires": {
        "minimist": "^1.2.0"
      }
    }
  }
}
